
Microsoft Visual Studio Solution File, Format Version 12.00
# Visual Studio Version 16
VisualStudioVersion = 16.0.30804.86
MinimumVisualStudioVersion = 10.0.40219.1
Project("{2150E333-8FDC-42A3-9474-1A3956D46DE8}") = "Hishop.Alipay.OpenHome", "Hishop.Alipay.OpenHome", "{EDD4403D-2E8E-40DD-9173-A122224DA2AE}"
EndProject
Project("{FAE04EC0-301F-11D3-BF4B-00C04F79EFBC}") = "AopSdk", "Hishop.Alipay.OpenHome\AopSdk\AopSdk.csproj", "{9C11CAE5-5188-4E71-825B-68FC3135728A}"
EndProject
Project("{FAE04EC0-301F-11D3-BF4B-00C04F79EFBC}") = "Hishop.Alipay.OpenHome", "Hishop.Alipay.OpenHome\Hishop.Alipay.OpenHome\Hishop.Alipay.OpenHome.csproj", "{7D5CB7E7-6122-4BF5-BD41-381CAFFC17F7}"
EndProject
Project("{FAE04EC0-301F-11D3-BF4B-00C04F79EFBC}") = "UnitTest", "Hishop.Alipay.OpenHome\UnitTest\UnitTest.csproj", "{86BF5548-E852-42E8-A50B-35B93DD48E76}"
EndProject
Project("{2150E333-8FDC-42A3-9474-1A3956D46DE8}") = "Hishop.API.HIPOS", "Hishop.API.HIPOS", "{F041D54C-2131-4306-9543-B4962C8A859F}"
EndProject
Project("{FAE04EC0-301F-11D3-BF4B-00C04F79EFBC}") = "Hishop.API.HiPOS", "Hishop.API.HIPOS\Hishop.API.HiPOS\Hishop.API.HiPOS.csproj", "{7D033352-07E3-4804-89C9-401293A2FE28}"
EndProject
Project("{FAE04EC0-301F-11D3-BF4B-00C04F79EFBC}") = "Hishop.API.HiPOS.Test", "Hishop.API.HIPOS\Hishop.API.HiPOS.Test\Hishop.API.HiPOS.Test.csproj", "{122567C3-0694-4F77-AD62-B1F485AC4906}"
EndProject
Project("{FAE04EC0-301F-11D3-BF4B-00C04F79EFBC}") = "HiShop.API.Setting", "Hishop.API.HIPOS\HiShop.API.Setting\HiShop.API.Setting.csproj", "{C5EE4B2D-DA4F-48CB-A6F1-DE5D7AB6BE7C}"
EndProject
Project("{2150E333-8FDC-42A3-9474-1A3956D46DE8}") = "Hishop.Open.Api", "Hishop.Open.Api", "{36C9BA08-508C-4BA1-9F7A-E16F145D9C8D}"
EndProject
Project("{FAE04EC0-301F-11D3-BF4B-00C04F79EFBC}") = "Hishop.Open.Api", "Hishop.Open.Api\Hishop.Open.Api.csproj", "{124A70AF-2FB2-4A51-B9CF-C00FF9ABF4C0}"
EndProject
Project("{2150E333-8FDC-42A3-9474-1A3956D46DE8}") = "Hishop.Weixin.MP", "Hishop.Weixin.MP", "{4DF3EF15-48BA-46B3-824C-FF2811F86EC6}"
EndProject
Project("{FAE04EC0-301F-11D3-BF4B-00C04F79EFBC}") = "Hishop.Weixin.MP", "Hishop.Weixin.MP\Hishop.Weixin.MP.csproj", "{0050D468-6E36-405C-A92F-B92B52339929}"
EndProject
Project("{2150E333-8FDC-42A3-9474-1A3956D46DE8}") = "PluginManager", "PluginManager", "{E359AD6A-DDEF-4C30-AF24-EE50F460E306}"
EndProject
Project("{FAE04EC0-301F-11D3-BF4B-00C04F79EFBC}") = "DataConvert", "PluginManager\DataConvert\DataConvert.csproj", "{20F8A151-A481-4CB4-B958-24858D2CD4C3}"
EndProject
Project("{FAE04EC0-301F-11D3-BF4B-00C04F79EFBC}") = "Plugins", "PluginManager\PluginManager\Plugins.csproj", "{2368CBB8-656F-4921-A5A5-0B7A938F872B}"
EndProject
Project("{2150E333-8FDC-42A3-9474-1A3956D46DE8}") = "Plugins", "Plugins", "{F3CACCF0-9C7D-457C-B014-CD9BB420C1E6}"
EndProject
Project("{FAE04EC0-301F-11D3-BF4B-00C04F79EFBC}") = "Email", "Plugins\Email\Email.csproj", "{80B97343-D94D-468B-BB3E-55FFD6356320}"
EndProject
Project("{FAE04EC0-301F-11D3-BF4B-00C04F79EFBC}") = "IPLibary", "Plugins\IPLibary\IPLibary.csproj", "{6706FB82-579D-4A1C-B227-BF47B09E9CF7}"
EndProject
Project("{FAE04EC0-301F-11D3-BF4B-00C04F79EFBC}") = "OpenId", "Plugins\OpenId\OpenId.csproj", "{DF56304A-93B3-4609-B30F-BD74C6113784}"
EndProject
Project("{FAE04EC0-301F-11D3-BF4B-00C04F79EFBC}") = "Outpay", "Plugins\Outpay\Outpay.csproj", "{FAD871A2-0874-4683-BC4A-F33318402E04}"
EndProject
Project("{FAE04EC0-301F-11D3-BF4B-00C04F79EFBC}") = "Payment", "Plugins\Payment\Payment.csproj", "{8DBBFFC2-BE2D-4008-A62E-B6B1A7768950}"
EndProject
Project("{FAE04EC0-301F-11D3-BF4B-00C04F79EFBC}") = "Refund", "Plugins\Refund\Refund.csproj", "{EACB6046-233D-4987-9908-F86892B8C0AF}"
EndProject
Project("{FAE04EC0-301F-11D3-BF4B-00C04F79EFBC}") = "SMS", "Plugins\SMS\SMS.csproj", "{B7C8DF5E-CB67-4C26-921C-C54E631804B3}"
EndProject
Project("{2150E333-8FDC-42A3-9474-1A3956D46DE8}") = "TransferManager", "TransferManager", "{703CCC0A-D785-424C-AE80-226C10832088}"
EndProject
Project("{FAE04EC0-301F-11D3-BF4B-00C04F79EFBC}") = "TransferManager", "TransferManager\TransferManager.csproj", "{62F5A62C-8146-439A-8415-C815691473CC}"
EndProject
Project("{2150E333-8FDC-42A3-9474-1A3956D46DE8}") = "Transfers", "Transfers", "{CD22E29E-26F5-47C6-BA9B-42E6FD253F1F}"
EndProject
Project("{FAE04EC0-301F-11D3-BF4B-00C04F79EFBC}") = "Transfers", "Transfers\Transfers.csproj", "{9B48CE61-1A08-4205-B957-91CF312A588F}"
EndProject
Project("{2150E333-8FDC-42A3-9474-1A3956D46DE8}") = "Validation", "Validation", "{F44943DE-C552-423A-A24D-C1EEECF27832}"
EndProject
Project("{FAE04EC0-301F-11D3-BF4B-00C04F79EFBC}") = "Validation", "Validation\Validation.csproj", "{E814A5DC-C15B-4BA4-AB7C-B7C9A34AC2FD}"
EndProject
Global
	GlobalSection(SolutionConfigurationPlatforms) = preSolution
		Debug|Any CPU = Debug|Any CPU
		Release|Any CPU = Release|Any CPU
	EndGlobalSection
	GlobalSection(ProjectConfigurationPlatforms) = postSolution
		{9C11CAE5-5188-4E71-825B-68FC3135728A}.Debug|Any CPU.ActiveCfg = Debug|Any CPU
		{9C11CAE5-5188-4E71-825B-68FC3135728A}.Debug|Any CPU.Build.0 = Debug|Any CPU
		{9C11CAE5-5188-4E71-825B-68FC3135728A}.Release|Any CPU.ActiveCfg = Release|Any CPU
		{9C11CAE5-5188-4E71-825B-68FC3135728A}.Release|Any CPU.Build.0 = Release|Any CPU
		{7D5CB7E7-6122-4BF5-BD41-381CAFFC17F7}.Debug|Any CPU.ActiveCfg = Debug|Any CPU
		{7D5CB7E7-6122-4BF5-BD41-381CAFFC17F7}.Debug|Any CPU.Build.0 = Debug|Any CPU
		{7D5CB7E7-6122-4BF5-BD41-381CAFFC17F7}.Release|Any CPU.ActiveCfg = Release|Any CPU
		{7D5CB7E7-6122-4BF5-BD41-381CAFFC17F7}.Release|Any CPU.Build.0 = Release|Any CPU
		{86BF5548-E852-42E8-A50B-35B93DD48E76}.Debug|Any CPU.ActiveCfg = Debug|Any CPU
		{86BF5548-E852-42E8-A50B-35B93DD48E76}.Debug|Any CPU.Build.0 = Debug|Any CPU
		{86BF5548-E852-42E8-A50B-35B93DD48E76}.Release|Any CPU.ActiveCfg = Release|Any CPU
		{86BF5548-E852-42E8-A50B-35B93DD48E76}.Release|Any CPU.Build.0 = Release|Any CPU
		{7D033352-07E3-4804-89C9-401293A2FE28}.Debug|Any CPU.ActiveCfg = Debug|Any CPU
		{7D033352-07E3-4804-89C9-401293A2FE28}.Debug|Any CPU.Build.0 = Debug|Any CPU
		{7D033352-07E3-4804-89C9-401293A2FE28}.Release|Any CPU.ActiveCfg = Release|Any CPU
		{7D033352-07E3-4804-89C9-401293A2FE28}.Release|Any CPU.Build.0 = Release|Any CPU
		{122567C3-0694-4F77-AD62-B1F485AC4906}.Debug|Any CPU.ActiveCfg = Debug|Any CPU
		{122567C3-0694-4F77-AD62-B1F485AC4906}.Debug|Any CPU.Build.0 = Debug|Any CPU
		{122567C3-0694-4F77-AD62-B1F485AC4906}.Release|Any CPU.ActiveCfg = Release|Any CPU
		{122567C3-0694-4F77-AD62-B1F485AC4906}.Release|Any CPU.Build.0 = Release|Any CPU
		{C5EE4B2D-DA4F-48CB-A6F1-DE5D7AB6BE7C}.Debug|Any CPU.ActiveCfg = Debug|Any CPU
		{C5EE4B2D-DA4F-48CB-A6F1-DE5D7AB6BE7C}.Debug|Any CPU.Build.0 = Debug|Any CPU
		{C5EE4B2D-DA4F-48CB-A6F1-DE5D7AB6BE7C}.Release|Any CPU.ActiveCfg = Release|Any CPU
		{C5EE4B2D-DA4F-48CB-A6F1-DE5D7AB6BE7C}.Release|Any CPU.Build.0 = Release|Any CPU
		{124A70AF-2FB2-4A51-B9CF-C00FF9ABF4C0}.Debug|Any CPU.ActiveCfg = Debug|Any CPU
		{124A70AF-2FB2-4A51-B9CF-C00FF9ABF4C0}.Debug|Any CPU.Build.0 = Debug|Any CPU
		{124A70AF-2FB2-4A51-B9CF-C00FF9ABF4C0}.Release|Any CPU.ActiveCfg = Release|Any CPU
		{124A70AF-2FB2-4A51-B9CF-C00FF9ABF4C0}.Release|Any CPU.Build.0 = Release|Any CPU
		{0050D468-6E36-405C-A92F-B92B52339929}.Debug|Any CPU.ActiveCfg = Debug|Any CPU
		{0050D468-6E36-405C-A92F-B92B52339929}.Debug|Any CPU.Build.0 = Debug|Any CPU
		{0050D468-6E36-405C-A92F-B92B52339929}.Release|Any CPU.ActiveCfg = Release|Any CPU
		{0050D468-6E36-405C-A92F-B92B52339929}.Release|Any CPU.Build.0 = Release|Any CPU
		{20F8A151-A481-4CB4-B958-24858D2CD4C3}.Debug|Any CPU.ActiveCfg = Debug|Any CPU
		{20F8A151-A481-4CB4-B958-24858D2CD4C3}.Debug|Any CPU.Build.0 = Debug|Any CPU
		{20F8A151-A481-4CB4-B958-24858D2CD4C3}.Release|Any CPU.ActiveCfg = Release|Any CPU
		{20F8A151-A481-4CB4-B958-24858D2CD4C3}.Release|Any CPU.Build.0 = Release|Any CPU
		{2368CBB8-656F-4921-A5A5-0B7A938F872B}.Debug|Any CPU.ActiveCfg = Debug|Any CPU
		{2368CBB8-656F-4921-A5A5-0B7A938F872B}.Debug|Any CPU.Build.0 = Debug|Any CPU
		{2368CBB8-656F-4921-A5A5-0B7A938F872B}.Release|Any CPU.ActiveCfg = Release|Any CPU
		{2368CBB8-656F-4921-A5A5-0B7A938F872B}.Release|Any CPU.Build.0 = Release|Any CPU
		{80B97343-D94D-468B-BB3E-55FFD6356320}.Debug|Any CPU.ActiveCfg = Debug|Any CPU
		{80B97343-D94D-468B-BB3E-55FFD6356320}.Debug|Any CPU.Build.0 = Debug|Any CPU
		{80B97343-D94D-468B-BB3E-55FFD6356320}.Release|Any CPU.ActiveCfg = Release|Any CPU
		{80B97343-D94D-468B-BB3E-55FFD6356320}.Release|Any CPU.Build.0 = Release|Any CPU
		{6706FB82-579D-4A1C-B227-BF47B09E9CF7}.Debug|Any CPU.ActiveCfg = Debug|Any CPU
		{6706FB82-579D-4A1C-B227-BF47B09E9CF7}.Debug|Any CPU.Build.0 = Debug|Any CPU
		{6706FB82-579D-4A1C-B227-BF47B09E9CF7}.Release|Any CPU.ActiveCfg = Release|Any CPU
		{6706FB82-579D-4A1C-B227-BF47B09E9CF7}.Release|Any CPU.Build.0 = Release|Any CPU
		{DF56304A-93B3-4609-B30F-BD74C6113784}.Debug|Any CPU.ActiveCfg = Debug|Any CPU
		{DF56304A-93B3-4609-B30F-BD74C6113784}.Debug|Any CPU.Build.0 = Debug|Any CPU
		{DF56304A-93B3-4609-B30F-BD74C6113784}.Release|Any CPU.ActiveCfg = Release|Any CPU
		{DF56304A-93B3-4609-B30F-BD74C6113784}.Release|Any CPU.Build.0 = Release|Any CPU
		{FAD871A2-0874-4683-BC4A-F33318402E04}.Debug|Any CPU.ActiveCfg = Debug|Any CPU
		{FAD871A2-0874-4683-BC4A-F33318402E04}.Debug|Any CPU.Build.0 = Debug|Any CPU
		{FAD871A2-0874-4683-BC4A-F33318402E04}.Release|Any CPU.ActiveCfg = Release|Any CPU
		{FAD871A2-0874-4683-BC4A-F33318402E04}.Release|Any CPU.Build.0 = Release|Any CPU
		{8DBBFFC2-BE2D-4008-A62E-B6B1A7768950}.Debug|Any CPU.ActiveCfg = Debug|Any CPU
		{8DBBFFC2-BE2D-4008-A62E-B6B1A7768950}.Debug|Any CPU.Build.0 = Debug|Any CPU
		{8DBBFFC2-BE2D-4008-A62E-B6B1A7768950}.Release|Any CPU.ActiveCfg = Release|Any CPU
		{8DBBFFC2-BE2D-4008-A62E-B6B1A7768950}.Release|Any CPU.Build.0 = Release|Any CPU
		{EACB6046-233D-4987-9908-F86892B8C0AF}.Debug|Any CPU.ActiveCfg = Debug|Any CPU
		{EACB6046-233D-4987-9908-F86892B8C0AF}.Debug|Any CPU.Build.0 = Debug|Any CPU
		{EACB6046-233D-4987-9908-F86892B8C0AF}.Release|Any CPU.ActiveCfg = Release|Any CPU
		{EACB6046-233D-4987-9908-F86892B8C0AF}.Release|Any CPU.Build.0 = Release|Any CPU
		{B7C8DF5E-CB67-4C26-921C-C54E631804B3}.Debug|Any CPU.ActiveCfg = Debug|Any CPU
		{B7C8DF5E-CB67-4C26-921C-C54E631804B3}.Debug|Any CPU.Build.0 = Debug|Any CPU
		{B7C8DF5E-CB67-4C26-921C-C54E631804B3}.Release|Any CPU.ActiveCfg = Release|Any CPU
		{B7C8DF5E-CB67-4C26-921C-C54E631804B3}.Release|Any CPU.Build.0 = Release|Any CPU
		{62F5A62C-8146-439A-8415-C815691473CC}.Debug|Any CPU.ActiveCfg = Debug|Any CPU
		{62F5A62C-8146-439A-8415-C815691473CC}.Debug|Any CPU.Build.0 = Debug|Any CPU
		{62F5A62C-8146-439A-8415-C815691473CC}.Release|Any CPU.ActiveCfg = Release|Any CPU
		{62F5A62C-8146-439A-8415-C815691473CC}.Release|Any CPU.Build.0 = Release|Any CPU
		{9B48CE61-1A08-4205-B957-91CF312A588F}.Debug|Any CPU.ActiveCfg = Debug|Any CPU
		{9B48CE61-1A08-4205-B957-91CF312A588F}.Debug|Any CPU.Build.0 = Debug|Any CPU
		{9B48CE61-1A08-4205-B957-91CF312A588F}.Release|Any CPU.ActiveCfg = Release|Any CPU
		{9B48CE61-1A08-4205-B957-91CF312A588F}.Release|Any CPU.Build.0 = Release|Any CPU
		{E814A5DC-C15B-4BA4-AB7C-B7C9A34AC2FD}.Debug|Any CPU.ActiveCfg = Debug|Any CPU
		{E814A5DC-C15B-4BA4-AB7C-B7C9A34AC2FD}.Debug|Any CPU.Build.0 = Debug|Any CPU
		{E814A5DC-C15B-4BA4-AB7C-B7C9A34AC2FD}.Release|Any CPU.ActiveCfg = Release|Any CPU
		{E814A5DC-C15B-4BA4-AB7C-B7C9A34AC2FD}.Release|Any CPU.Build.0 = Release|Any CPU
	EndGlobalSection
	GlobalSection(SolutionProperties) = preSolution
		HideSolutionNode = FALSE
	EndGlobalSection
	GlobalSection(NestedProjects) = preSolution
		{9C11CAE5-5188-4E71-825B-68FC3135728A} = {EDD4403D-2E8E-40DD-9173-A122224DA2AE}
		{7D5CB7E7-6122-4BF5-BD41-381CAFFC17F7} = {EDD4403D-2E8E-40DD-9173-A122224DA2AE}
		{86BF5548-E852-42E8-A50B-35B93DD48E76} = {EDD4403D-2E8E-40DD-9173-A122224DA2AE}
		{7D033352-07E3-4804-89C9-401293A2FE28} = {F041D54C-2131-4306-9543-B4962C8A859F}
		{122567C3-0694-4F77-AD62-B1F485AC4906} = {F041D54C-2131-4306-9543-B4962C8A859F}
		{C5EE4B2D-DA4F-48CB-A6F1-DE5D7AB6BE7C} = {F041D54C-2131-4306-9543-B4962C8A859F}
		{124A70AF-2FB2-4A51-B9CF-C00FF9ABF4C0} = {36C9BA08-508C-4BA1-9F7A-E16F145D9C8D}
		{0050D468-6E36-405C-A92F-B92B52339929} = {4DF3EF15-48BA-46B3-824C-FF2811F86EC6}
		{20F8A151-A481-4CB4-B958-24858D2CD4C3} = {E359AD6A-DDEF-4C30-AF24-EE50F460E306}
		{2368CBB8-656F-4921-A5A5-0B7A938F872B} = {E359AD6A-DDEF-4C30-AF24-EE50F460E306}
		{80B97343-D94D-468B-BB3E-55FFD6356320} = {F3CACCF0-9C7D-457C-B014-CD9BB420C1E6}
		{6706FB82-579D-4A1C-B227-BF47B09E9CF7} = {F3CACCF0-9C7D-457C-B014-CD9BB420C1E6}
		{DF56304A-93B3-4609-B30F-BD74C6113784} = {F3CACCF0-9C7D-457C-B014-CD9BB420C1E6}
		{FAD871A2-0874-4683-BC4A-F33318402E04} = {F3CACCF0-9C7D-457C-B014-CD9BB420C1E6}
		{8DBBFFC2-BE2D-4008-A62E-B6B1A7768950} = {F3CACCF0-9C7D-457C-B014-CD9BB420C1E6}
		{EACB6046-233D-4987-9908-F86892B8C0AF} = {F3CACCF0-9C7D-457C-B014-CD9BB420C1E6}
		{B7C8DF5E-CB67-4C26-921C-C54E631804B3} = {F3CACCF0-9C7D-457C-B014-CD9BB420C1E6}
		{62F5A62C-8146-439A-8415-C815691473CC} = {703CCC0A-D785-424C-AE80-226C10832088}
		{9B48CE61-1A08-4205-B957-91CF312A588F} = {CD22E29E-26F5-47C6-BA9B-42E6FD253F1F}
		{E814A5DC-C15B-4BA4-AB7C-B7C9A34AC2FD} = {F44943DE-C552-423A-A24D-C1EEECF27832}
	EndGlobalSection
	GlobalSection(ExtensibilityGlobals) = postSolution
		SolutionGuid = {86548B45-2596-4460-ADDF-0B51FA03AC32}
	EndGlobalSection
EndGlobal
